
Microsoft Visual Studio Solution File, Format Version 12.00
# Visual Studio Version 17
VisualStudioVersion = 17.11.35222.181
MinimumVisualStudioVersion = 10.0.40219.1
Project("{9A19103F-16F7-4668-BE54-9A1E7A4F7556}") = "Практическая работа №2", "Практическая работа №2\Практическая работа №2.csproj", "{EABE1961-9473-46F6-A375-B0727E48419F}"
EndProject
Project("{9A19103F-16F7-4668-BE54-9A1E7A4F7556}") = "LibMas", "LibMas\LibMas.csproj", "{2F501BB3-9FC1-47EE-A65B-9448BCA34301}"
EndProject
Project("{9A19103F-16F7-4668-BE54-9A1E7A4F7556}") = "Lib_10", "Lib_4\Lib_10.csproj", "{A8514863-8C03-42BD-82ED-4F77DC3AC13A}"
EndProject
Global
	GlobalSection(SolutionConfigurationPlatforms) = preSolution
		Debug|Any CPU = Debug|Any CPU
		Release|Any CPU = Release|Any CPU
	EndGlobalSection
	GlobalSection(ProjectConfigurationPlatforms) = postSolution
		{EABE1961-9473-46F6-A375-B0727E48419F}.Debug|Any CPU.ActiveCfg = Debug|Any CPU
		{EABE1961-9473-46F6-A375-B0727E48419F}.Debug|Any CPU.Build.0 = Debug|Any CPU
		{EABE1961-9473-46F6-A375-B0727E48419F}.Release|Any CPU.ActiveCfg = Release|Any CPU
		{EABE1961-9473-46F6-A375-B0727E48419F}.Release|Any CPU.Build.0 = Release|Any CPU
		{2F501BB3-9FC1-47EE-A65B-9448BCA34301}.Debug|Any CPU.ActiveCfg = Debug|Any CPU
		{2F501BB3-9FC1-47EE-A65B-9448BCA34301}.Debug|Any CPU.Build.0 = Debug|Any CPU
		{2F501BB3-9FC1-47EE-A65B-9448BCA34301}.Release|Any CPU.ActiveCfg = Release|Any CPU
		{2F501BB3-9FC1-47EE-A65B-9448BCA34301}.Release|Any CPU.Build.0 = Release|Any CPU
		{A8514863-8C03-42BD-82ED-4F77DC3AC13A}.Debug|Any CPU.ActiveCfg = Debug|Any CPU
		{A8514863-8C03-42BD-82ED-4F77DC3AC13A}.Debug|Any CPU.Build.0 = Debug|Any CPU
		{A8514863-8C03-42BD-82ED-4F77DC3AC13A}.Release|Any CPU.ActiveCfg = Release|Any CPU
		{A8514863-8C03-42BD-82ED-4F77DC3AC13A}.Release|Any CPU.Build.0 = Release|Any CPU
	EndGlobalSection
	GlobalSection(SolutionProperties) = preSolution
		HideSolutionNode = FALSE
	EndGlobalSection
	GlobalSection(ExtensibilityGlobals) = postSolution
		SolutionGuid = {E22C69F9-5AEB-4CBB-A988-7E9B21D014D0}
	EndGlobalSection
EndGlobal
